PODS:
  - agora_rtc_engine (6.3.2):
    - AgoraIrisRTC_iOS (= 4.3.2-build.1)
    - AgoraRtcEngine_iOS (= 4.3.2)
    - Flutter
  - AgoraIrisRTC_iOS (4.3.2-build.1)
  - AgoraRtcEngine_iOS (4.3.2):
    - AgoraRtcEngine_iOS/AIAEC (= 4.3.2)
    - AgoraRtcEngine_iOS/AINS (= 4.3.2)
    - AgoraRtcEngine_iOS/AudioBeauty (= 4.3.2)
    - AgoraRtcEngine_iOS/ClearVision (= 4.3.2)
    - AgoraRtcEngine_iOS/ContentInspect (= 4.3.2)
    - AgoraRtcEngine_iOS/FaceCapture (= 4.3.2)
    - AgoraRtcEngine_iOS/FaceDetection (= 4.3.2)
    - AgoraRtcEngine_iOS/LipSync (= 4.3.2)
    - AgoraRtcEngine_iOS/ReplayKit (= 4.3.2)
    - AgoraRtcEngine_iOS/RtcBasic (= 4.3.2)
    - AgoraRtcEngine_iOS/SpatialAudio (= 4.3.2)
    - AgoraRtcEngine_iOS/VideoAv1CodecDec (= 4.3.2)
    - AgoraRtcEngine_iOS/VideoAv1CodecEnc (= 4.3.2)
    - AgoraRtcEngine_iOS/VideoCodecDec (= 4.3.2)
    - AgoraRtcEngine_iOS/VideoCodecEnc (= 4.3.2)
    - AgoraRtcEngine_iOS/VirtualBackground (= 4.3.2)
    - AgoraRtcEngine_iOS/VQA (= 4.3.2)
  - AgoraRtcEngine_iOS/AIAEC (4.3.2)
  - AgoraRtcEngine_iOS/AINS (4.3.2)
  - AgoraRtcEngine_iOS/AudioBeauty (4.3.2)
  - AgoraRtcEngine_iOS/ClearVision (4.3.2)
  - AgoraRtcEngine_iOS/ContentInspect (4.3.2)
  - AgoraRtcEngine_iOS/FaceCapture (4.3.2)
  - AgoraRtcEngine_iOS/FaceDetection (4.3.2)
  - AgoraRtcEngine_iOS/LipSync (4.3.2)
  - AgoraRtcEngine_iOS/ReplayKit (4.3.2)
  - AgoraRtcEngine_iOS/RtcBasic (4.3.2)
  - AgoraRtcEngine_iOS/SpatialAudio (4.3.2)
  - AgoraRtcEngine_iOS/VideoAv1CodecDec (4.3.2)
  - AgoraRtcEngine_iOS/VideoAv1CodecEnc (4.3.2)
  - AgoraRtcEngine_iOS/VideoCodecDec (4.3.2)
  - AgoraRtcEngine_iOS/VideoCodecEnc (4.3.2)
  - AgoraRtcEngine_iOS/VirtualBackground (4.3.2)
  - AgoraRtcEngine_iOS/VQA (4.3.2)
  - connectivity (0.0.1):
    - Flutter
    - Reachability
  - device_info_plus (0.0.1):
    - Flutter
  - Flutter (1.0.0)
  - flutter_udid (0.0.1):
    - Flutter
    - SAMKeychain
  - iris_method_channel (0.0.1):
    - Flutter
  - package_info_plus (0.4.5):
    - Flutter
  - permission_handler_apple (9.3.0):
    - Flutter
  - Reachability (3.7.6)
  - SAMKeychain (1.5.3)
  - shared_preferences_foundation (0.0.1):
    - Flutter
    - FlutterMacOS

DEPENDENCIES:
  - agora_rtc_engine (from `.symlinks/plugins/agora_rtc_engine/ios`)
  - connectivity (from `.symlinks/plugins/connectivity/ios`)
  - device_info_plus (from `.symlinks/plugins/device_info_plus/ios`)
  - Flutter (from `Flutter`)
  - flutter_udid (from `.symlinks/plugins/flutter_udid/ios`)
  - iris_method_channel (from `.symlinks/plugins/iris_method_channel/ios`)
  - package_info_plus (from `.symlinks/plugins/package_info_plus/ios`)
  - permission_handler_apple (from `.symlinks/plugins/permission_handler_apple/ios`)
  - shared_preferences_foundation (from `.symlinks/plugins/shared_preferences_foundation/darwin`)

SPEC REPOS:
  trunk:
    - AgoraIrisRTC_iOS
    - AgoraRtcEngine_iOS
    - Reachability
    - SAMKeychain

EXTERNAL SOURCES:
  agora_rtc_engine:
    :path: ".symlinks/plugins/agora_rtc_engine/ios"
  connectivity:
    :path: ".symlinks/plugins/connectivity/ios"
  device_info_plus:
    :path: ".symlinks/plugins/device_info_plus/ios"
  Flutter:
    :path: Flutter
  flutter_udid:
    :path: ".symlinks/plugins/flutter_udid/ios"
  iris_method_channel:
    :path: ".symlinks/plugins/iris_method_channel/ios"
  package_info_plus:
    :path: ".symlinks/plugins/package_info_plus/ios"
  permission_handler_apple:
    :path: ".symlinks/plugins/permission_handler_apple/ios"
  shared_preferences_foundation:
    :path: ".symlinks/plugins/shared_preferences_foundation/darwin"

SPEC CHECKSUMS:
  agora_rtc_engine: 14229f6b2fb40ab33cabba2b9f9c5b1c454ecb8e
  AgoraIrisRTC_iOS: 3cb15344a503a1a35ab6d60481732a8beeda98fe
  AgoraRtcEngine_iOS: eaa97751fcfe1b50d9b067e0df92752a6a5f899f
  connectivity: c4130b2985d4ef6fd26f9702e886bd5260681467
  device_info_plus: 97af1d7e84681a90d0693e63169a5d50e0839a0d
  Flutter: e0871f40cf51350855a761d2e70bf5af5b9b5de7
  flutter_udid: a2482c67a61b9c806ef59dd82ed8d007f1b7ac04
  iris_method_channel: 0617c689164d8154c020c50f63ca79f92b8a7b9d
  package_info_plus: 58f0028419748fad15bf008b270aaa8e54380b1c
  permission_handler_apple: 9878588469a2b0d0fc1e048d9f43605f92e6cec2
  Reachability: fd0ecd23705e2599e4cceeb943222ae02296cbc6
  SAMKeychain: 483e1c9f32984d50ca961e26818a534283b4cd5c
  shared_preferences_foundation: b4c3b4cddf1c21f02770737f147a3f5da9d39695

PODFILE CHECKSUM: 7be2f5f74864d463a8ad433546ed1de7e0f29aef

COCOAPODS: 1.15.2
